
Microsoft Visual Studio Solution File, Format Version 12.00
# Visual Studio Version 17
VisualStudioVersion = 17.8.34309.116
MinimumVisualStudioVersion = 10.0.40219.1
Project("{9A19103F-16F7-4668-BE54-9A1E7A4F7556}") = "WebAPI.29.12.22", "WebAPI.29.12.22\WebAPI.29.12.22.csproj", "{F21082FD-01B4-4802-B596-069311651A7A}"
EndProject
Project("{FAE04EC0-301F-11D3-BF4B-00C04F79EFBC}") = "Client", "Client\Client.csproj", "{9E55FC98-D649-4A00-B733-F75C4FFD07C6}"
EndProject
Global
	GlobalSection(SolutionConfigurationPlatforms) = preSolution
		Debug|Any CPU = Debug|Any CPU
		Release|Any CPU = Release|Any CPU
	EndGlobalSection
	GlobalSection(ProjectConfigurationPlatforms) = postSolution
		{F21082FD-01B4-4802-B596-069311651A7A}.Debug|Any CPU.ActiveCfg = Debug|Any CPU
		{F21082FD-01B4-4802-B596-069311651A7A}.Debug|Any CPU.Build.0 = Debug|Any CPU
		{F21082FD-01B4-4802-B596-069311651A7A}.Release|Any CPU.ActiveCfg = Release|Any CPU
		{F21082FD-01B4-4802-B596-069311651A7A}.Release|Any CPU.Build.0 = Release|Any CPU
		{9E55FC98-D649-4A00-B733-F75C4FFD07C6}.Debug|Any CPU.ActiveCfg = Debug|Any CPU
		{9E55FC98-D649-4A00-B733-F75C4FFD07C6}.Debug|Any CPU.Build.0 = Debug|Any CPU
		{9E55FC98-D649-4A00-B733-F75C4FFD07C6}.Release|Any CPU.ActiveCfg = Release|Any CPU
		{9E55FC98-D649-4A00-B733-F75C4FFD07C6}.Release|Any CPU.Build.0 = Release|Any CPU
	EndGlobalSection
	GlobalSection(SolutionProperties) = preSolution
		HideSolutionNode = FALSE
	EndGlobalSection
	GlobalSection(ExtensibilityGlobals) = postSolution
		SolutionGuid = {7C9E4FDD-005F-41AA-8541-CFB36CF8C7E9}
	EndGlobalSection
EndGlobal
